{
  "name": "node-red-contrib-df1-gateway",
  "version": "1.0.0",
  "lockfileVersion": 2,
  "requires": true,
  "packages": {
    "": {
      "name": "node-red-contrib-df1-gateway",
      "version": "1.0.0",
      "license": "ISC",
      "dependencies": {
        "node-df1-gateway": "file:../node-df1-gateway"
      }
    },
    "../node-df1-gateway": {
      "version": "1.0.0",
      "license": "ISC",
      "dependencies": {
        "@protocols/node-df1": "file:../@protocols/node-df1",
        "chai": "^4.3.6",
        "mocha": "^9.2.0",
        "nyc": "^15.1.0",
        "serialport": "^9.0.7",
        "st-ethernet-ip": "^2.4.5"
      }
    },
    "node_modules/node-df1-gateway": {
      "resolved": "../node-df1-gateway",
      "link": true
    }
  },
  "dependencies": {
    "node-df1-gateway": {
      "version": "file:../node-df1-gateway",
      "requires": {
        "@protocols/node-df1": "file:../@protocols/node-df1",
        "chai": "^4.3.6",
        "mocha": "^9.2.0",
        "nyc": "^15.1.0",
        "serialport": "^9.0.7",
        "st-ethernet-ip": "^2.4.5"
      }
    }
  }
}
